
Microsoft Visual Studio Solution File, Format Version 12.00
# Visual Studio Version 17
VisualStudioVersion = 17.5.002.0
MinimumVisualStudioVersion = 10.0.40219.1
Project("{9A19103F-16F7-4668-BE54-9A1E7A4F7556}") = "BMC_baithi2324", "BMC_baithi2324\BMC_baithi2324.csproj", "{1F683723-C608-4FA4-8636-81766C192A39}"
EndProject
Global
	GlobalSection(SolutionConfigurationPlatforms) = preSolution
		Debug|Any CPU = Debug|Any CPU
		Release|Any CPU = Release|Any CPU
	EndGlobalSection
	GlobalSection(ProjectConfigurationPlatforms) = postSolution
		{1F683723-C608-4FA4-8636-81766C192A39}.Debug|Any CPU.ActiveCfg = Debug|Any CPU
		{1F683723-C608-4FA4-8636-81766C192A39}.Debug|Any CPU.Build.0 = Debug|Any CPU
		{1F683723-C608-4FA4-8636-81766C192A39}.Release|Any CPU.ActiveCfg = Release|Any CPU
		{1F683723-C608-4FA4-8636-81766C192A39}.Release|Any CPU.Build.0 = Release|Any CPU
	EndGlobalSection
	GlobalSection(SolutionProperties) = preSolution
		HideSolutionNode = FALSE
	EndGlobalSection
	GlobalSection(ExtensibilityGlobals) = postSolution
		SolutionGuid = {5503C003-5302-4CC5-AC22-12C2750FA5B8}
	EndGlobalSection
EndGlobal
